
Microsoft Visual Studio Solution File, Format Version 12.00
# Visual Studio Version 17
VisualStudioVersion = 17.2.32526.322
MinimumVisualStudioVersion = 10.0.40219.1
Project("{FAE04EC0-301F-11D3-BF4B-00C04F79EFBC}") = "EmployeeManagementSystem", "EmployeeManagementSystem\EmployeeManagementSystem.csproj", "{5522E04B-6732-423D-BA0C-7E932223E481}"
EndProject
Project("{FAE04EC0-301F-11D3-BF4B-00C04F79EFBC}") = "EmployeeManagementSystem.Service", "EmployeeManagementSystem.Service\EmployeeManagementSystem.Service.csproj", "{4A12D56A-D9ED-49DC-9D31-E7C1AB688ACC}"
EndProject
Global
	GlobalSection(SolutionConfigurationPlatforms) = preSolution
		Debug|Any CPU = Debug|Any CPU
		Release|Any CPU = Release|Any CPU
	EndGlobalSection
	GlobalSection(ProjectConfigurationPlatforms) = postSolution
		{5522E04B-6732-423D-BA0C-7E932223E481}.Debug|Any CPU.ActiveCfg = Debug|Any CPU
		{5522E04B-6732-423D-BA0C-7E932223E481}.Debug|Any CPU.Build.0 = Debug|Any CPU
		{5522E04B-6732-423D-BA0C-7E932223E481}.Release|Any CPU.ActiveCfg = Release|Any CPU
		{5522E04B-6732-423D-BA0C-7E932223E481}.Release|Any CPU.Build.0 = Release|Any CPU
		{4A12D56A-D9ED-49DC-9D31-E7C1AB688ACC}.Debug|Any CPU.ActiveCfg = Debug|Any CPU
		{4A12D56A-D9ED-49DC-9D31-E7C1AB688ACC}.Debug|Any CPU.Build.0 = Debug|Any CPU
		{4A12D56A-D9ED-49DC-9D31-E7C1AB688ACC}.Release|Any CPU.ActiveCfg = Release|Any CPU
		{4A12D56A-D9ED-49DC-9D31-E7C1AB688ACC}.Release|Any CPU.Build.0 = Release|Any CPU
	EndGlobalSection
	GlobalSection(SolutionProperties) = preSolution
		HideSolutionNode = FALSE
	EndGlobalSection
	GlobalSection(ExtensibilityGlobals) = postSolution
		SolutionGuid = {40D7F584-3132-4D53-BD3B-1F1ED256E3E9}
	EndGlobalSection
EndGlobal
